// !$*UTF8*$!
{
	archiveVersion = 1;
	classes = {
	};
	objectVersion = 50;
	objects = {

/* Begin PBXBuildFile section */
		9319C518225C3104006F0BE3 /* AppDelegate.swift in Sources */ = {isa = PBXBuildFile; fileRef = 9319C517225C3104006F0BE3 /* AppDelegate.swift */; };
		9319C51A225C3104006F0BE3 /* ViewController.swift in Sources */ = {isa = PBXBuildFile; fileRef = 9319C519225C3104006F0BE3 /* ViewController.swift */; };
		9319C51D225C3104006F0BE3 /* Main.storyboard in Resources */ = {isa = PBXBuildFile; fileRef = 9319C51B225C3104006F0BE3 /* Main.storyboard */; };
		9319C520225C3104006F0BE3 /* CoreData_Diary.xcdatamodeld in Sources */ = {isa = PBXBuildFile; fileRef = 9319C51E225C3104006F0BE3 /* CoreData_Diary.xcdatamodeld */; };
		9319C522225C3105006F0BE3 /* Assets.xcassets in Resources */ = {isa = PBXBuildFile; fileRef = 9319C521225C3105006F0BE3 /* Assets.xcassets */; };
		9319C525225C3105006F0BE3 /* LaunchScreen.storyboard in Resources */ = {isa = PBXBuildFile; fileRef = 9319C523225C3105006F0BE3 /* LaunchScreen.storyboard */; };
		9319C52D225C353F006F0BE3 /* TableViewController.swift in Sources */ = {isa = PBXBuildFile; fileRef = 9319C52C225C353F006F0BE3 /* TableViewController.swift */; };
/* End PBXBuildFile section */

/* Begin PBXFileReference section */
		9319C514225C3104006F0BE3 /* CoreData_Diary.app */ = {isa = PBXFileReference; explicitFileType = wrapper.application; includeInIndex = 0; path = CoreData_Diary.app; sourceTree = BUILT_PRODUCTS_DIR; };
		9319C517225C3104006F0BE3 /* AppDelegate.swift */ = {isa = PBXFileReference; lastKnownFileType = sourcecode.swift; path = AppDelegate.swift; sourceTree = "<group>"; };
		9319C519225C3104006F0BE3 /* ViewController.swift */ = {isa = PBXFileReference; lastKnownFileType = sourcecode.swift; path = ViewController.swift; sourceTree = "<group>"; };
		9319C51C225C3104006F0BE3 /* Base */ = {isa = PBXFileReference; lastKnownFileType = file.storyboard; name = Base; path = Base.lproj/Main.storyboard; sourceTree = "<group>"; };
		9319C51F225C3104006F0BE3 /* CoreData_Diary.xcdatamodel */ = {isa = PBXFileReference; lastKnownFileType = wrapper.xcdatamodel; path = CoreData_Diary.xcdatamodel; sourceTree = "<group>"; };
		9319C521225C3105006F0BE3 /* Assets.xcassets */ = {isa = PBXFileReference; lastKnownFileType = folder.assetcatalog; path = Assets.xcassets; sourceTree = "<group>"; };
		9319C524225C3105006F0BE3 /* Base */ = {isa = PBXFileReference; lastKnownFileType = file.storyboard; name = Base; path = Base.lproj/LaunchScreen.storyboard; sourceTree = "<group>"; };
		9319C526225C3105006F0BE3 /* Info.plist */ = {isa = PBXFileReference; lastKnownFileType = text.plist.xml; path = Info.plist; sourceTree = "<group>"; };
		9319C52C225C353F006F0BE3 /* TableViewController.swift */ = {isa = PBXFileReference; lastKnownFileType = sourcecode.swift; path = TableViewController.swift; sourceTree = "<group>"; };
/* End PBXFileReference section */

/* Begin PBXFrameworksBuildPhase section */
		9319C511225C3104006F0BE3 /* Frameworks */ = {
			isa = PBXFrameworksBuildPhase;
			buildActionMask = 2147483647;
			files = (
			);
			runOnlyForDeploymentPostprocessing = 0;
		};
/* End PBXFrameworksBuildPhase section */

/* Begin PBXGroup section */
		9319C50B225C3104006F0BE3 = {
			isa = PBXGroup;
			children = (
				9319C516225C3104006F0BE3 /* CoreData_Diary */,
				9319C515225C3104006F0BE3 /* Products */,
			);
			sourceTree = "<group>";
		};
		9319C515225C3104006F0BE3 /* Products */ = {
			isa = PBXGroup;
			children = (
				9319C514225C3104006F0BE3 /* CoreData_Diary.app */,
			);
			name = Products;
			sourceTree = "<group>";
		};
		9319C516225C3104006F0BE3 /* CoreData_Diary */ = {
			isa = PBXGroup;
			children = (
				9319C517225C3104006F0BE3 /* AppDelegate.swift */,
				9319C519225C3104006F0BE3 /* ViewController.swift */,
				9319C52C225C353F006F0BE3 /* TableViewController.swift */,
				9319C51B225C3104006F0BE3 /* Main.storyboard */,
				9319C521225C3105006F0BE3 /* Assets.xcassets */,
				9319C523225C3105006F0BE3 /* LaunchScreen.storyboard */,
				9319C526225C3105006F0BE3 /* Info.plist */,
				9319C51E225C3104006F0BE3 /* CoreData_Diary.xcdatamodeld */,
			);
			path = CoreData_Diary;
			sourceTree = "<group>";
		};
/* End PBXGroup section */

/* Begin PBXNativeTarget section */
		9319C513225C3104006F0BE3 /* CoreData_Diary */ = {
			isa = PBXNativeTarget;
			buildConfigurationList = 9319C529225C3105006F0BE3 /* Build configuration list for PBXNativeTarget "CoreData_Diary" */;
			buildPhases = (
				9319C510225C3104006F0BE3 /* Sources */,
				9319C511225C3104006F0BE3 /* Frameworks */,
				9319C512225C3104006F0BE3 /* Resources */,
			);
			buildRules = (
			);
			dependencies = (
			);
			name = CoreData_Diary;
			productName = CoreData_Diary;
			productReference = 9319C514225C3104006F0BE3 /* CoreData_Diary.app */;
			productType = "com.apple.product-type.application";
		};
/* End PBXNativeTarget section */

/* Begin PBXProject section */
		9319C50C225C3104006F0BE3 /* Project object */ = {
			isa = PBXProject;
			attributes = {
				LastSwiftUpdateCheck = 0940;
				LastUpgradeCheck = 0940;
				ORGANIZATIONNAME = "Just Kidding";
				TargetAttributes = {
					9319C513225C3104006F0BE3 = {
						CreatedOnToolsVersion = 9.4.1;
					};
				};
			};
			buildConfigurationList = 9319C50F225C3104006F0BE3 /* Build configuration list for PBXProject "CoreData_Diary" */;
			compatibilityVersion = "Xcode 9.3";
			developmentRegion = en;
			hasScannedForEncodings = 0;
			knownRegions = (
				en,
				Base,
			);
			mainGroup = 9319C50B225C3104006F0BE3;
			productRefGroup = 9319C515225C3104006F0BE3 /* Products */;
			projectDirPath = "";
			projectRoot = "";
			targets = (
				9319C513225C3104006F0BE3 /* CoreData_Diary */,
			);
		};
/* End PBXProject section */

/* Begin PBXResourcesBuildPhase section */
		9319C512225C3104006F0BE3 /* Resources */ = {
			isa = PBXResourcesBuildPhase;
			buildActionMask = 2147483647;
			files = (
				9319C525225C3105006F0BE3 /* LaunchScreen.storyboard in Resources */,
				9319C522225C3105006F0BE3 /* Assets.xcassets in Resources */,
				9319C51D225C3104006F0BE3 /* Main.storyboard in Resources */,
			);
			runOnlyForDeploymentPostprocessing = 0;
		};
/* End PBXResourcesBuildPhase section */

/* Begin PBXSourcesBuildPhase section */
		9319C510225C3104006F0BE3 /* Sources */ = {
			isa = PBXSourcesBuildPhase;
			buildActionMask = 2147483647;
			files = (
				9319C51A225C3104006F0BE3 /* ViewController.swift in Sources */,
				9319C518225C3104006F0BE3 /* AppDelegate.swift in Sources */,
				9319C520225C3104006F0BE3 /* CoreData_Diary.xcdatamodeld in Sources */,
				9319C52D225C353F006F0BE3 /* TableViewController.swift in Sources */,
			);
			runOnlyForDeploymentPostprocessing = 0;
		};
/* End PBXSourcesBuildPhase section */

/* Begin PBXVariantGroup section */
		9319C51B225C3104006F0BE3 /* Main.storyboard */ = {
			isa = PBXVariantGroup;
			children = (
				9319C51C225C3104006F0BE3 /* Base */,
			);
			name = Main.storyboard;
			sourceTree = "<group>";
		};
		9319C523225C3105006F0BE3 /* LaunchScreen.storyboard */ = {
			isa = PBXVariantGroup;
			children = (
				9319C524225C3105006F0BE3 /* Base */,
			);
			name = LaunchScreen.storyboard;
			sourceTree = "<group>";
		};
/* End PBXVariantGroup section */

/* Begin XCBuildConfiguration section */
		9319C527225C3105006F0BE3 /* Debug */ = {
			isa = XCBuildConfiguration;
			buildSettings = {
				ALWAYS_SEARCH_USER_PATHS = NO;
				CLANG_ANALYZER_NONNULL = YES;
				CLANG_ANALYZER_NUMBER_OBJECT_CONVERSION = YES_AGGRESSIVE;
				CLANG_CXX_LANGUAGE_STANDARD = "gnu++14";
				CLANG_CXX_LIBRARY = "libc++";
				CLANG_ENABLE_MODULES = YES;
				CLANG_ENABLE_OBJC_ARC = YES;
				CLANG_ENABLE_OBJC_WEAK = YES;
				CLANG_WARN_BLOCK_CAPTURE_AUTORELEASING = YES;
				CLANG_WARN_BOOL_CONVERSION = YES;
				CLANG_WARN_COMMA = YES;
				CLANG_WARN_CONSTANT_CONVERSION = YES;
				CLANG_WARN_DEPRECATED_OBJC_IMPLEMENTATIONS = YES;
				CLANG_WARN_DIRECT_OBJC_ISA_USAGE = YES_ERROR;
				CLANG_WARN_DOCUMENTATION_COMMENTS = YES;
				CLANG_WARN_EMPTY_BODY = YES;
				CLANG_WARN_ENUM_CONVERSION = YES;
				CLANG_WARN_INFINITE_RECURSION = YES;
				CLANG_WARN_INT_CONVERSION = YES;
				CLANG_WARN_NON_LITERAL_NULL_CONVERSION = YES;
				CLANG_WARN_OBJC_IMPLICIT_RETAIN_SELF = YES;
				CLANG_WARN_OBJC_LITERAL_CONVERSION = YES;
				CLANG_WARN_OBJC_ROOT_CLASS = YES_ERROR;
				CLANG_WARN_RANGE_LOOP_ANALYSIS = YES;
				CLANG_WARN_STRICT_PROTOTYPES = YES;
				CLANG_WARN_SUSPICIOUS_MOVE = YES;
				CLANG_WARN_UNGUARDED_AVAILABILITY = YES_AGGRESSIVE;
				CLANG_WARN_UNREACHABLE_CODE = YES;
				CLANG_WARN__DUPLICATE_METHOD_MATCH = YES;
				CODE_SIGN_IDENTITY = "iPhone Developer";
				COPY_PHASE_STRIP = NO;
				DEBUG_INFORMATION_FORMAT = dwarf;
				ENABLE_STRICT_OBJC_MSGSEND = YES;
				ENABLE_TESTABILITY = YES;
				GCC_C_LANGUAGE_STANDARD = gnu11;
				GCC_DYNAMIC_NO_PIC = NO;
				GCC_NO_COMMON_BLOCKS = YES;
				GCC_OPTIMIZATION_LEVEL = 0;
				GCC_PREPROCESSOR_DEFINITIONS = (
					"DEBUG=1",
					"$(inherited)",
				);
				GCC_WARN_64_TO_32_BIT_CONVERSION = YES;
				GCC_WARN_ABOUT_RETURN_TYPE = YES_ERROR;
				GCC_WARN_UNDECLARED_SELECTOR = YES;
				GCC_WARN_UNINITIALIZED_AUTOS = YES_AGGRESSIVE;
				GCC_WARN_UNUSED_FUNCTION = YES;
				GCC_WARN_UNUSED_VARIABLE = YES;
				IPHONEOS_DEPLOYMENT_TARGET = 11.4;
				MTL_ENABLE_DEBUG_INFO = YES;
				ONLY_ACTIVE_ARCH = YES;
				SDKROOT = iphoneos;
				SWIFT_ACTIVE_COMPILATION_CONDITIONS = DEBUG;
				SWIFT_OPTIMIZATION_LEVEL = "-Onone";
			};
			name = Debug;
		};
		9319C528225C3105006F0BE3 /* Release */ = {
			isa = XCBuildConfiguration;
			buildSettings = {
				ALWAYS_SEARCH_USER_PATHS = NO;
				CLANG_ANALYZER_NONNULL = YES;
				CLANG_ANALYZER_NUMBER_OBJECT_CONVERSION = YES_AGGRESSIVE;
				CLANG_CXX_LANGUAGE_STANDARD = "gnu++14";
				CLANG_CXX_LIBRARY = "libc++";
				CLANG_ENABLE_MODULES = YES;
				CLANG_ENABLE_OBJC_ARC = YES;
				CLANG_ENABLE_OBJC_WEAK = YES;
				CLANG_WARN_BLOCK_CAPTURE_AUTORELEASING = YES;
				CLANG_WARN_BOOL_CONVERSION = YES;
				CLANG_WARN_COMMA = YES;
				CLANG_WARN_CONSTANT_CONVERSION = YES;
				CLANG_WARN_DEPRECATED_OBJC_IMPLEMENTATIONS = YES;
				CLANG_WARN_DIRECT_OBJC_ISA_USAGE = YES_ERROR;
				CLANG_WARN_DOCUMENTATION_COMMENTS = YES;
				CLANG_WARN_EMPTY_BODY = YES;
				CLANG_WARN_ENUM_CONVERSION = YES;
				CLANG_WARN_INFINITE_RECURSION = YES;
				CLANG_WARN_INT_CONVERSION = YES;
				CLANG_WARN_NON_LITERAL_NULL_CONVERSION = YES;
				CLANG_WARN_OBJC_IMPLICIT_RETAIN_SELF = YES;
				CLANG_WARN_OBJC_LITERAL_CONVERSION = YES;
				CLANG_WARN_OBJC_ROOT_CLASS = YES_ERROR;
				CLANG_WARN_RANGE_LOOP_ANALYSIS = YES;
				CLANG_WARN_STRICT_PROTOTYPES = YES;
				CLANG_WARN_SUSPICIOUS_MOVE = YES;
				CLANG_WARN_UNGUARDED_AVAILABILITY = YES_AGGRESSIVE;
				CLANG_WARN_UNREACHABLE_CODE = YES;
				CLANG_WARN__DUPLICATE_METHOD_MATCH = YES;
				CODE_SIGN_IDENTITY = "iPhone Developer";
				COPY_PHASE_STRIP = NO;
				DEBUG_INFORMATION_FORMAT = "dwarf-with-dsym";
				ENABLE_NS_ASSERTIONS = NO;
				ENABLE_STRICT_OBJC_MSGSEND = YES;
				GCC_C_LANGUAGE_STANDARD = gnu11;
				GCC_NO_COMMON_BLOCKS = YES;
				GCC_WARN_64_TO_32_BIT_CONVERSION = YES;
				GCC_WARN_ABOUT_RETURN_TYPE = YES_ERROR;
				GCC_WARN_UNDECLARED_SELECTOR = YES;
				GCC_WARN_UNINITIALIZED_AUTOS = YES_AGGRESSIVE;
				GCC_WARN_UNUSED_FUNCTION = YES;
				GCC_WARN_UNUSED_VARIABLE = YES;
				IPHONEOS_DEPLOYMENT_TARGET = 11.4;
				MTL_ENABLE_DEBUG_INFO = NO;
				SDKROOT = iphoneos;
				SWIFT_COMPILATION_MODE = wholemodule;
				SWIFT_OPTIMIZATION_LEVEL = "-O";
				VALIDATE_PRODUCT = YES;
			};
			name = Release;
		};
		9319C52A225C3105006F0BE3 /* Debug */ = {
			isa = XCBuildConfiguration;
			buildSettings = {
				ASSETCATALOG_COMPILER_APPICON_NAME = AppIcon;
				CODE_SIGN_STYLE = Automatic;
				INFOPLIST_FILE = CoreData_Diary/Info.plist;
				LD_RUNPATH_SEARCH_PATHS = (
					"$(inherited)",
					"@executable_path/Frameworks",
				);
				PRODUCT_BUNDLE_IDENTIFIER = "DucBan.CoreData-Diary";
				PRODUCT_NAME = "$(TARGET_NAME)";
				SWIFT_VERSION = 4.0;
				TARGETED_DEVICE_FAMILY = "1,2";
			};
			name = Debug;
		};
		9319C52B225C3105006F0BE3 /* Release */ = {
			isa = XCBuildConfiguration;
			buildSettings = {
				ASSETCATALOG_COMPILER_APPICON_NAME = AppIcon;
				CODE_SIGN_STYLE = Automatic;
				INFOPLIST_FILE = CoreData_Diary/Info.plist;
				LD_RUNPATH_SEARCH_PATHS = (
					"$(inherited)",
					"@executable_path/Frameworks",
				);
				PRODUCT_BUNDLE_IDENTIFIER = "DucBan.CoreData-Diary";
				PRODUCT_NAME = "$(TARGET_NAME)";
				SWIFT_VERSION = 4.0;
				TARGETED_DEVICE_FAMILY = "1,2";
			};
			name = Release;
		};
/* End XCBuildConfiguration section */

/* Begin XCConfigurationList section */
		9319C50F225C3104006F0BE3 /* Build configuration list for PBXProject "CoreData_Diary" */ = {
			isa = XCConfigurationList;
			buildConfigurations = (
				9319C527225C3105006F0BE3 /* Debug */,
				9319C528225C3105006F0BE3 /* Release */,
			);
			defaultConfigurationIsVisible = 0;
			defaultConfigurationName = Release;
		};
		9319C529225C3105006F0BE3 /* Build configuration list for PBXNativeTarget "CoreData_Diary" */ = {
			isa = XCConfigurationList;
			buildConfigurations = (
				9319C52A225C3105006F0BE3 /* Debug */,
				9319C52B225C3105006F0BE3 /* Release */,
			);
			defaultConfigurationIsVisible = 0;
			defaultConfigurationName = Release;
		};
/* End XCConfigurationList section */

/* Begin XCVersionGroup section */
		9319C51E225C3104006F0BE3 /* CoreData_Diary.xcdatamodeld */ = {
			isa = XCVersionGroup;
			children = (
				9319C51F225C3104006F0BE3 /* CoreData_Diary.xcdatamodel */,
			);
			currentVersion = 9319C51F225C3104006F0BE3 /* CoreData_Diary.xcdatamodel */;
			path = CoreData_Diary.xcdatamodeld;
			sourceTree = "<group>";
			versionGroupType = wrapper.xcdatamodel;
		};
/* End XCVersionGroup section */
	};
	rootObject = 9319C50C225C3104006F0BE3 /* Project object */;
}
